
Microsoft Visual Studio Solution File, Format Version 12.00
# Visual Studio Version 17
VisualStudioVersion = 17.14.36518.9
MinimumVisualStudioVersion = 10.0.40219.1
Project("{FAE04EC0-301F-11D3-BF4B-00C04F79EFBC}") = "ProdutosAPI", "ProdutosAPI\ProdutosAPI.csproj", "{0C09C305-FBCD-4E7D-BE9B-331A262C4A2A}"
EndProject
Project("{FAE04EC0-301F-11D3-BF4B-00C04F79EFBC}") = "xUnitTestesProdutos", "xUnitTestesProdutos\xUnitTestesProdutos.csproj", "{AE8CB718-CD90-4821-9E2A-0EC79BB6ACA6}"
EndProject
Global
	GlobalSection(SolutionConfigurationPlatforms) = preSolution
		Debug|Any CPU = Debug|Any CPU
		Release|Any CPU = Release|Any CPU
	EndGlobalSection
	GlobalSection(ProjectConfigurationPlatforms) = postSolution
		{0C09C305-FBCD-4E7D-BE9B-331A262C4A2A}.Debug|Any CPU.ActiveCfg = Debug|Any CPU
		{0C09C305-FBCD-4E7D-BE9B-331A262C4A2A}.Debug|Any CPU.Build.0 = Debug|Any CPU
		{0C09C305-FBCD-4E7D-BE9B-331A262C4A2A}.Release|Any CPU.ActiveCfg = Release|Any CPU
		{0C09C305-FBCD-4E7D-BE9B-331A262C4A2A}.Release|Any CPU.Build.0 = Release|Any CPU
		{AE8CB718-CD90-4821-9E2A-0EC79BB6ACA6}.Debug|Any CPU.ActiveCfg = Debug|Any CPU
		{AE8CB718-CD90-4821-9E2A-0EC79BB6ACA6}.Debug|Any CPU.Build.0 = Debug|Any CPU
		{AE8CB718-CD90-4821-9E2A-0EC79BB6ACA6}.Release|Any CPU.ActiveCfg = Release|Any CPU
		{AE8CB718-CD90-4821-9E2A-0EC79BB6ACA6}.Release|Any CPU.Build.0 = Release|Any CPU
	EndGlobalSection
	GlobalSection(SolutionProperties) = preSolution
		HideSolutionNode = FALSE
	EndGlobalSection
	GlobalSection(ExtensibilityGlobals) = postSolution
		SolutionGuid = {DB9782F6-C680-48AD-979A-44EF09F52F36}
	EndGlobalSection
EndGlobal
